
Microsoft Visual Studio Solution File, Format Version 12.00
# Visual Studio 15
VisualStudioVersion = 15.0.28010.2050
MinimumVisualStudioVersion = 10.0.40219.1
Project("{FAE04EC0-301F-11D3-BF4B-00C04F79EFBC}") = "Ynorbah.Web", "Ynorbah.Web\Ynorbah.Web.csproj", "{46C4E015-929A-4E5D-A028-56BD087AD88E}"
EndProject
Global
	GlobalSection(SolutionConfigurationPlatforms) = preSolution
		Debug|Any CPU = Debug|Any CPU
		Release|Any CPU = Release|Any CPU
	EndGlobalSection
	GlobalSection(ProjectConfigurationPlatforms) = postSolution
		{46C4E015-929A-4E5D-A028-56BD087AD88E}.Debug|Any CPU.ActiveCfg = Debug|Any CPU
		{46C4E015-929A-4E5D-A028-56BD087AD88E}.Debug|Any CPU.Build.0 = Debug|Any CPU
		{46C4E015-929A-4E5D-A028-56BD087AD88E}.Release|Any CPU.ActiveCfg = Release|Any CPU
		{46C4E015-929A-4E5D-A028-56BD087AD88E}.Release|Any CPU.Build.0 = Release|Any CPU
	EndGlobalSection
	GlobalSection(SolutionProperties) = preSolution
		HideSolutionNode = FALSE
	EndGlobalSection
	GlobalSection(ExtensibilityGlobals) = postSolution
		SolutionGuid = {01F0777B-8BD1-4037-9521-29E597907E61}
	EndGlobalSection
EndGlobal
